// !$*UTF8*$!
{
	archiveVersion = 1;
	classes = {
	};
	objectVersion = 50;
	objects = {

/* Begin PBXBuildFile section */
		830AE366255B401A00098453 /* GameItemModel.swift in Sources */ = {isa = PBXBuildFile; fileRef = 830AE365255B401A00098453 /* GameItemModel.swift */; };
		830AE369255B412200098453 /* animals.json in Resources */ = {isa = PBXBuildFile; fileRef = 830AE368255B412200098453 /* animals.json */; };
		830DBFEE257D823700726CF5 /* SpeechSynthetizer.swift in Sources */ = {isa = PBXBuildFile; fileRef = 830DBFED257D823700726CF5 /* SpeechSynthetizer.swift */; };
		8314EB35255BD9F200F9DF7B /* fruit.json in Resources */ = {isa = PBXBuildFile; fileRef = 8314EB34255BD9F200F9DF7B /* fruit.json */; };
		8314EB38255BDA3D00F9DF7B /* things.json in Resources */ = {isa = PBXBuildFile; fileRef = 8314EB37255BDA3D00F9DF7B /* things.json */; };
		8314EB3D255BDB5600F9DF7B /* SpeechManager.swift in Sources */ = {isa = PBXBuildFile; fileRef = 8314EB3C255BDB5600F9DF7B /* SpeechManager.swift */; };
		83536F55255479BF0091D2DD /* Say_ItApp.swift in Sources */ = {isa = PBXBuildFile; fileRef = 83536F54255479BF0091D2DD /* Say_ItApp.swift */; };
		83536F57255479BF0091D2DD /* ContentView.swift in Sources */ = {isa = PBXBuildFile; fileRef = 83536F56255479BF0091D2DD /* ContentView.swift */; };
		83536F59255479BF0091D2DD /* Assets.xcassets in Resources */ = {isa = PBXBuildFile; fileRef = 83536F58255479BF0091D2DD /* Assets.xcassets */; };
		83536F5C255479BF0091D2DD /* Preview Assets.xcassets in Resources */ = {isa = PBXBuildFile; fileRef = 83536F5B255479BF0091D2DD /* Preview Assets.xcassets */; };
		83536F6625547A050091D2DD /* MainView.swift in Sources */ = {isa = PBXBuildFile; fileRef = 83536F6525547A050091D2DD /* MainView.swift */; };
		83536F6A25547A3D0091D2DD /* VocabularyView.swift in Sources */ = {isa = PBXBuildFile; fileRef = 83536F6925547A3D0091D2DD /* VocabularyView.swift */; };
		83536F6D25547A620091D2DD /* InfoView.swift in Sources */ = {isa = PBXBuildFile; fileRef = 83536F6C25547A620091D2DD /* InfoView.swift */; };
		83536F73255483460091D2DD /* GameView.swift in Sources */ = {isa = PBXBuildFile; fileRef = 83536F72255483460091D2DD /* GameView.swift */; };
		835B3680255B0A850002C2D9 /* VocabularyItemView.swift in Sources */ = {isa = PBXBuildFile; fileRef = 835B367F255B0A850002C2D9 /* VocabularyItemView.swift */; };
		835B3683255B219C0002C2D9 /* vocabulary.json in Resources */ = {isa = PBXBuildFile; fileRef = 835B3682255B219C0002C2D9 /* vocabulary.json */; };
		835B3686255B21D90002C2D9 /* VocabularyItemModel.swift in Sources */ = {isa = PBXBuildFile; fileRef = 835B3685255B21D90002C2D9 /* VocabularyItemModel.swift */; };
		83AF505025594A7400032CEF /* GameButtonView.swift in Sources */ = {isa = PBXBuildFile; fileRef = 83AF504F25594A7400032CEF /* GameButtonView.swift */; };
		83AF505425594E3400032CEF /* games.json in Resources */ = {isa = PBXBuildFile; fileRef = 83AF505325594E3400032CEF /* games.json */; };
		83AF505725594E8800032CEF /* CodableBundleExtension.swift in Sources */ = {isa = PBXBuildFile; fileRef = 83AF505625594E8800032CEF /* CodableBundleExtension.swift */; };
		83AF505B25594F6600032CEF /* GameButtonModel.swift in Sources */ = {isa = PBXBuildFile; fileRef = 83AF505A25594F6600032CEF /* GameButtonModel.swift */; };
		83F07EB0257EB5B60049A6E7 /* InfoTranslateView.swift in Sources */ = {isa = PBXBuildFile; fileRef = 83F07EAF257EB5B60049A6E7 /* InfoTranslateView.swift */; };
		83F07EB3257EB8D00049A6E7 /* Settings.swift in Sources */ = {isa = PBXBuildFile; fileRef = 83F07EB2257EB8D00049A6E7 /* Settings.swift */; };
/* End PBXBuildFile section */

/* Begin PBXFileReference section */
		830AE365255B401A00098453 /* GameItemModel.swift */ = {isa = PBXFileReference; lastKnownFileType = sourcecode.swift; path = GameItemModel.swift; sourceTree = "<group>"; };
		830AE368255B412200098453 /* animals.json */ = {isa = PBXFileReference; fileEncoding = 4; lastKnownFileType = text.json; path = animals.json; sourceTree = "<group>"; };
		830DBFED257D823700726CF5 /* SpeechSynthetizer.swift */ = {isa = PBXFileReference; lastKnownFileType = sourcecode.swift; path = SpeechSynthetizer.swift; sourceTree = "<group>"; };
		8314EB34255BD9F200F9DF7B /* fruit.json */ = {isa = PBXFileReference; fileEncoding = 4; lastKnownFileType = text.json; path = fruit.json; sourceTree = "<group>"; };
		8314EB37255BDA3D00F9DF7B /* things.json */ = {isa = PBXFileReference; fileEncoding = 4; lastKnownFileType = text.json; path = things.json; sourceTree = "<group>"; };
		8314EB3C255BDB5600F9DF7B /* SpeechManager.swift */ = {isa = PBXFileReference; lastKnownFileType = sourcecode.swift; path = SpeechManager.swift; sourceTree = "<group>"; };
		83536F51255479BF0091D2DD /* Say It.app */ = {isa = PBXFileReference; explicitFileType = wrapper.application; includeInIndex = 0; path = "Say It.app"; sourceTree = BUILT_PRODUCTS_DIR; };
		83536F54255479BF0091D2DD /* Say_ItApp.swift */ = {isa = PBXFileReference; lastKnownFileType = sourcecode.swift; path = Say_ItApp.swift; sourceTree = "<group>"; };
		83536F56255479BF0091D2DD /* ContentView.swift */ = {isa = PBXFileReference; lastKnownFileType = sourcecode.swift; path = ContentView.swift; sourceTree = "<group>"; };
		83536F58255479BF0091D2DD /* Assets.xcassets */ = {isa = PBXFileReference; lastKnownFileType = folder.assetcatalog; path = Assets.xcassets; sourceTree = "<group>"; };
		83536F5B255479BF0091D2DD /* Preview Assets.xcassets */ = {isa = PBXFileReference; lastKnownFileType = folder.assetcatalog; path = "Preview Assets.xcassets"; sourceTree = "<group>"; };
		83536F5D255479BF0091D2DD /* Info.plist */ = {isa = PBXFileReference; lastKnownFileType = text.plist.xml; path = Info.plist; sourceTree = "<group>"; };
		83536F6525547A050091D2DD /* MainView.swift */ = {isa = PBXFileReference; lastKnownFileType = sourcecode.swift; path = MainView.swift; sourceTree = "<group>"; };
		83536F6925547A3D0091D2DD /* VocabularyView.swift */ = {isa = PBXFileReference; lastKnownFileType = sourcecode.swift; path = VocabularyView.swift; sourceTree = "<group>"; };
		83536F6C25547A620091D2DD /* InfoView.swift */ = {isa = PBXFileReference; lastKnownFileType = sourcecode.swift; path = InfoView.swift; sourceTree = "<group>"; };
		83536F72255483460091D2DD /* GameView.swift */ = {isa = PBXFileReference; lastKnownFileType = sourcecode.swift; path = GameView.swift; sourceTree = "<group>"; };
		835B367F255B0A850002C2D9 /* VocabularyItemView.swift */ = {isa = PBXFileReference; lastKnownFileType = sourcecode.swift; path = VocabularyItemView.swift; sourceTree = "<group>"; };
		835B3682255B219C0002C2D9 /* vocabulary.json */ = {isa = PBXFileReference; fileEncoding = 4; lastKnownFileType = text.json; path = vocabulary.json; sourceTree = "<group>"; };
		835B3685255B21D90002C2D9 /* VocabularyItemModel.swift */ = {isa = PBXFileReference; lastKnownFileType = sourcecode.swift; path = VocabularyItemModel.swift; sourceTree = "<group>"; };
		83AF504F25594A7400032CEF /* GameButtonView.swift */ = {isa = PBXFileReference; lastKnownFileType = sourcecode.swift; path = GameButtonView.swift; sourceTree = "<group>"; };
		83AF505325594E3400032CEF /* games.json */ = {isa = PBXFileReference; fileEncoding = 4; lastKnownFileType = text.json; path = games.json; sourceTree = "<group>"; };
		83AF505625594E8800032CEF /* CodableBundleExtension.swift */ = {isa = PBXFileReference; lastKnownFileType = sourcecode.swift; path = CodableBundleExtension.swift; sourceTree = "<group>"; };
		83AF505A25594F6600032CEF /* GameButtonModel.swift */ = {isa = PBXFileReference; lastKnownFileType = sourcecode.swift; path = GameButtonModel.swift; sourceTree = "<group>"; };
		83F07EAF257EB5B60049A6E7 /* InfoTranslateView.swift */ = {isa = PBXFileReference; lastKnownFileType = sourcecode.swift; path = InfoTranslateView.swift; sourceTree = "<group>"; };
		83F07EB2257EB8D00049A6E7 /* Settings.swift */ = {isa = PBXFileReference; lastKnownFileType = sourcecode.swift; path = Settings.swift; sourceTree = "<group>"; };
/* End PBXFileReference section */

/* Begin PBXFrameworksBuildPhase section */
		83536F4E255479BF0091D2DD /* Frameworks */ = {
			isa = PBXFrameworksBuildPhase;
			buildActionMask = 2147483647;
			files = (
			);
			runOnlyForDeploymentPostprocessing = 0;
		};
/* End PBXFrameworksBuildPhase section */

/* Begin PBXGroup section */
		8314EB3B255BDB3B00F9DF7B /* Helper */ = {
			isa = PBXGroup;
			children = (
				8314EB3C255BDB5600F9DF7B /* SpeechManager.swift */,
				830DBFED257D823700726CF5 /* SpeechSynthetizer.swift */,
				83F07EB2257EB8D00049A6E7 /* Settings.swift */,
			);
			path = Helper;
			sourceTree = "<group>";
		};
		83536F48255479BF0091D2DD = {
			isa = PBXGroup;
			children = (
				83536F53255479BF0091D2DD /* Say It */,
				83536F52255479BF0091D2DD /* Products */,
			);
			sourceTree = "<group>";
		};
		83536F52255479BF0091D2DD /* Products */ = {
			isa = PBXGroup;
			children = (
				83536F51255479BF0091D2DD /* Say It.app */,
			);
			name = Products;
			sourceTree = "<group>";
		};
		83536F53255479BF0091D2DD /* Say It */ = {
			isa = PBXGroup;
			children = (
				8314EB3B255BDB3B00F9DF7B /* Helper */,
				83AF505925594F4300032CEF /* Model */,
				83AF505225594D5C00032CEF /* Data */,
				83536F762554933F0091D2DD /* View */,
				83536F64255479DD0091D2DD /* App */,
				83536F58255479BF0091D2DD /* Assets.xcassets */,
				83536F5D255479BF0091D2DD /* Info.plist */,
				83AF505625594E8800032CEF /* CodableBundleExtension.swift */,
				83536F5A255479BF0091D2DD /* Preview Content */,
			);
			path = "Say It";
			sourceTree = "<group>";
		};
		83536F5A255479BF0091D2DD /* Preview Content */ = {
			isa = PBXGroup;
			children = (
				83536F5B255479BF0091D2DD /* Preview Assets.xcassets */,
			);
			path = "Preview Content";
			sourceTree = "<group>";
		};
		83536F64255479DD0091D2DD /* App */ = {
			isa = PBXGroup;
			children = (
				83536F54255479BF0091D2DD /* Say_ItApp.swift */,
				83536F56255479BF0091D2DD /* ContentView.swift */,
				83536F6525547A050091D2DD /* MainView.swift */,
				83536F6925547A3D0091D2DD /* VocabularyView.swift */,
				83536F6C25547A620091D2DD /* InfoView.swift */,
			);
			path = App;
			sourceTree = "<group>";
		};
		83536F762554933F0091D2DD /* View */ = {
			isa = PBXGroup;
			children = (
				83536F72255483460091D2DD /* GameView.swift */,
				83AF504F25594A7400032CEF /* GameButtonView.swift */,
				835B367F255B0A850002C2D9 /* VocabularyItemView.swift */,
				83F07EAF257EB5B60049A6E7 /* InfoTranslateView.swift */,
			);
			path = View;
			sourceTree = "<group>";
		};
		83AF505225594D5C00032CEF /* Data */ = {
			isa = PBXGroup;
			children = (
				830AE368255B412200098453 /* animals.json */,
				835B3682255B219C0002C2D9 /* vocabulary.json */,
				8314EB37255BDA3D00F9DF7B /* things.json */,
				8314EB34255BD9F200F9DF7B /* fruit.json */,
				83AF505325594E3400032CEF /* games.json */,
			);
			path = Data;
			sourceTree = "<group>";
		};
		83AF505925594F4300032CEF /* Model */ = {
			isa = PBXGroup;
			children = (
				83AF505A25594F6600032CEF /* GameButtonModel.swift */,
				835B3685255B21D90002C2D9 /* VocabularyItemModel.swift */,
				830AE365255B401A00098453 /* GameItemModel.swift */,
			);
			path = Model;
			sourceTree = "<group>";
		};
/* End PBXGroup section */

/* Begin PBXNativeTarget section */
		83536F50255479BF0091D2DD /* Say It */ = {
			isa = PBXNativeTarget;
			buildConfigurationList = 83536F60255479BF0091D2DD /* Build configuration list for PBXNativeTarget "Say It" */;
			buildPhases = (
				83536F4D255479BF0091D2DD /* Sources */,
				83536F4E255479BF0091D2DD /* Frameworks */,
				83536F4F255479BF0091D2DD /* Resources */,
			);
			buildRules = (
			);
			dependencies = (
			);
			name = "Say It";
			productName = "Say It";
			productReference = 83536F51255479BF0091D2DD /* Say It.app */;
			productType = "com.apple.product-type.application";
		};
/* End PBXNativeTarget section */

/* Begin PBXProject section */
		83536F49255479BF0091D2DD /* Project object */ = {
			isa = PBXProject;
			attributes = {
				LastSwiftUpdateCheck = 1210;
				LastUpgradeCheck = 1210;
				TargetAttributes = {
					83536F50255479BF0091D2DD = {
						CreatedOnToolsVersion = 12.1;
					};
				};
			};
			buildConfigurationList = 83536F4C255479BF0091D2DD /* Build configuration list for PBXProject "Say It" */;
			compatibilityVersion = "Xcode 9.3";
			developmentRegion = en;
			hasScannedForEncodings = 0;
			knownRegions = (
				en,
				Base,
			);
			mainGroup = 83536F48255479BF0091D2DD;
			productRefGroup = 83536F52255479BF0091D2DD /* Products */;
			projectDirPath = "";
			projectRoot = "";
			targets = (
				83536F50255479BF0091D2DD /* Say It */,
			);
		};
/* End PBXProject section */

/* Begin PBXResourcesBuildPhase section */
		83536F4F255479BF0091D2DD /* Resources */ = {
			isa = PBXResourcesBuildPhase;
			buildActionMask = 2147483647;
			files = (
				830AE369255B412200098453 /* animals.json in Resources */,
				83536F5C255479BF0091D2DD /* Preview Assets.xcassets in Resources */,
				8314EB35255BD9F200F9DF7B /* fruit.json in Resources */,
				83AF505425594E3400032CEF /* games.json in Resources */,
				8314EB38255BDA3D00F9DF7B /* things.json in Resources */,
				83536F59255479BF0091D2DD /* Assets.xcassets in Resources */,
				835B3683255B219C0002C2D9 /* vocabulary.json in Resources */,
			);
			runOnlyForDeploymentPostprocessing = 0;
		};
/* End PBXResourcesBuildPhase section */

/* Begin PBXSourcesBuildPhase section */
		83536F4D255479BF0091D2DD /* Sources */ = {
			isa = PBXSourcesBuildPhase;
			buildActionMask = 2147483647;
			files = (
				83AF505025594A7400032CEF /* GameButtonView.swift in Sources */,
				83536F6D25547A620091D2DD /* InfoView.swift in Sources */,
				83536F57255479BF0091D2DD /* ContentView.swift in Sources */,
				830DBFEE257D823700726CF5 /* SpeechSynthetizer.swift in Sources */,
				835B3680255B0A850002C2D9 /* VocabularyItemView.swift in Sources */,
				83536F6625547A050091D2DD /* MainView.swift in Sources */,
				83536F6A25547A3D0091D2DD /* VocabularyView.swift in Sources */,
				83536F55255479BF0091D2DD /* Say_ItApp.swift in Sources */,
				835B3686255B21D90002C2D9 /* VocabularyItemModel.swift in Sources */,
				8314EB3D255BDB5600F9DF7B /* SpeechManager.swift in Sources */,
				83F07EB3257EB8D00049A6E7 /* Settings.swift in Sources */,
				830AE366255B401A00098453 /* GameItemModel.swift in Sources */,
				83536F73255483460091D2DD /* GameView.swift in Sources */,
				83F07EB0257EB5B60049A6E7 /* InfoTranslateView.swift in Sources */,
				83AF505725594E8800032CEF /* CodableBundleExtension.swift in Sources */,
				83AF505B25594F6600032CEF /* GameButtonModel.swift in Sources */,
			);
			runOnlyForDeploymentPostprocessing = 0;
		};
/* End PBXSourcesBuildPhase section */

/* Begin XCBuildConfiguration section */
		83536F5E255479BF0091D2DD /* Debug */ = {
			isa = XCBuildConfiguration;
			buildSettings = {
				ALWAYS_SEARCH_USER_PATHS = NO;
				CLANG_ANALYZER_NONNULL = YES;
				CLANG_ANALYZER_NUMBER_OBJECT_CONVERSION = YES_AGGRESSIVE;
				CLANG_CXX_LANGUAGE_STANDARD = "gnu++14";
				CLANG_CXX_LIBRARY = "libc++";
				CLANG_ENABLE_MODULES = YES;
				CLANG_ENABLE_OBJC_ARC = YES;
				CLANG_ENABLE_OBJC_WEAK = YES;
				CLANG_WARN_BLOCK_CAPTURE_AUTORELEASING = YES;
				CLANG_WARN_BOOL_CONVERSION = YES;
				CLANG_WARN_COMMA = YES;
				CLANG_WARN_CONSTANT_CONVERSION = YES;
				CLANG_WARN_DEPRECATED_OBJC_IMPLEMENTATIONS = YES;
				CLANG_WARN_DIRECT_OBJC_ISA_USAGE = YES_ERROR;
				CLANG_WARN_DOCUMENTATION_COMMENTS = YES;
				CLANG_WARN_EMPTY_BODY = YES;
				CLANG_WARN_ENUM_CONVERSION = YES;
				CLANG_WARN_INFINITE_RECURSION = YES;
				CLANG_WARN_INT_CONVERSION = YES;
				CLANG_WARN_NON_LITERAL_NULL_CONVERSION = YES;
				CLANG_WARN_OBJC_IMPLICIT_RETAIN_SELF = YES;
				CLANG_WARN_OBJC_LITERAL_CONVERSION = YES;
				CLANG_WARN_OBJC_ROOT_CLASS = YES_ERROR;
				CLANG_WARN_QUOTED_INCLUDE_IN_FRAMEWORK_HEADER = YES;
				CLANG_WARN_RANGE_LOOP_ANALYSIS = YES;
				CLANG_WARN_STRICT_PROTOTYPES = YES;
				CLANG_WARN_SUSPICIOUS_MOVE = YES;
				CLANG_WARN_UNGUARDED_AVAILABILITY = YES_AGGRESSIVE;
				CLANG_WARN_UNREACHABLE_CODE = YES;
				CLANG_WARN__DUPLICATE_METHOD_MATCH = YES;
				COPY_PHASE_STRIP = NO;
				DEBUG_INFORMATION_FORMAT = dwarf;
				ENABLE_STRICT_OBJC_MSGSEND = YES;
				ENABLE_TESTABILITY = YES;
				GCC_C_LANGUAGE_STANDARD = gnu11;
				GCC_DYNAMIC_NO_PIC = NO;
				GCC_NO_COMMON_BLOCKS = YES;
				GCC_OPTIMIZATION_LEVEL = 0;
				GCC_PREPROCESSOR_DEFINITIONS = (
					"DEBUG=1",
					"$(inherited)",
				);
				GCC_WARN_64_TO_32_BIT_CONVERSION = YES;
				GCC_WARN_ABOUT_RETURN_TYPE = YES_ERROR;
				GCC_WARN_UNDECLARED_SELECTOR = YES;
				GCC_WARN_UNINITIALIZED_AUTOS = YES_AGGRESSIVE;
				GCC_WARN_UNUSED_FUNCTION = YES;
				GCC_WARN_UNUSED_VARIABLE = YES;
				IPHONEOS_DEPLOYMENT_TARGET = 14.0;
				MTL_ENABLE_DEBUG_INFO = INCLUDE_SOURCE;
				MTL_FAST_MATH = YES;
				ONLY_ACTIVE_ARCH = YES;
				SDKROOT = iphoneos;
				SWIFT_ACTIVE_COMPILATION_CONDITIONS = DEBUG;
				SWIFT_OPTIMIZATION_LEVEL = "-Onone";
			};
			name = Debug;
		};
		83536F5F255479BF0091D2DD /* Release */ = {
			isa = XCBuildConfiguration;
			buildSettings = {
				ALWAYS_SEARCH_USER_PATHS = NO;
				CLANG_ANALYZER_NONNULL = YES;
				CLANG_ANALYZER_NUMBER_OBJECT_CONVERSION = YES_AGGRESSIVE;
				CLANG_CXX_LANGUAGE_STANDARD = "gnu++14";
				CLANG_CXX_LIBRARY = "libc++";
				CLANG_ENABLE_MODULES = YES;
				CLANG_ENABLE_OBJC_ARC = YES;
				CLANG_ENABLE_OBJC_WEAK = YES;
				CLANG_WARN_BLOCK_CAPTURE_AUTORELEASING = YES;
				CLANG_WARN_BOOL_CONVERSION = YES;
				CLANG_WARN_COMMA = YES;
				CLANG_WARN_CONSTANT_CONVERSION = YES;
				CLANG_WARN_DEPRECATED_OBJC_IMPLEMENTATIONS = YES;
				CLANG_WARN_DIRECT_OBJC_ISA_USAGE = YES_ERROR;
				CLANG_WARN_DOCUMENTATION_COMMENTS = YES;
				CLANG_WARN_EMPTY_BODY = YES;
				CLANG_WARN_ENUM_CONVERSION = YES;
				CLANG_WARN_INFINITE_RECURSION = YES;
				CLANG_WARN_INT_CONVERSION = YES;
				CLANG_WARN_NON_LITERAL_NULL_CONVERSION = YES;
				CLANG_WARN_OBJC_IMPLICIT_RETAIN_SELF = YES;
				CLANG_WARN_OBJC_LITERAL_CONVERSION = YES;
				CLANG_WARN_OBJC_ROOT_CLASS = YES_ERROR;
				CLANG_WARN_QUOTED_INCLUDE_IN_FRAMEWORK_HEADER = YES;
				CLANG_WARN_RANGE_LOOP_ANALYSIS = YES;
				CLANG_WARN_STRICT_PROTOTYPES = YES;
				CLANG_WARN_SUSPICIOUS_MOVE = YES;
				CLANG_WARN_UNGUARDED_AVAILABILITY = YES_AGGRESSIVE;
				CLANG_WARN_UNREACHABLE_CODE = YES;
				CLANG_WARN__DUPLICATE_METHOD_MATCH = YES;
				COPY_PHASE_STRIP = NO;
				DEBUG_INFORMATION_FORMAT = "dwarf-with-dsym";
				ENABLE_NS_ASSERTIONS = NO;
				ENABLE_STRICT_OBJC_MSGSEND = YES;
				GCC_C_LANGUAGE_STANDARD = gnu11;
				GCC_NO_COMMON_BLOCKS = YES;
				GCC_WARN_64_TO_32_BIT_CONVERSION = YES;
				GCC_WARN_ABOUT_RETURN_TYPE = YES_ERROR;
				GCC_WARN_UNDECLARED_SELECTOR = YES;
				GCC_WARN_UNINITIALIZED_AUTOS = YES_AGGRESSIVE;
				GCC_WARN_UNUSED_FUNCTION = YES;
				GCC_WARN_UNUSED_VARIABLE = YES;
				IPHONEOS_DEPLOYMENT_TARGET = 14.0;
				MTL_ENABLE_DEBUG_INFO = NO;
				MTL_FAST_MATH = YES;
				SDKROOT = iphoneos;
				SWIFT_COMPILATION_MODE = wholemodule;
				SWIFT_OPTIMIZATION_LEVEL = "-O";
				VALIDATE_PRODUCT = YES;
			};
			name = Release;
		};
		83536F61255479BF0091D2DD /* Debug */ = {
			isa = XCBuildConfiguration;
			buildSettings = {
				ASSETCATALOG_COMPILER_APPICON_NAME = AppIcon;
				ASSETCATALOG_COMPILER_GLOBAL_ACCENT_COLOR_NAME = AccentColor;
				CODE_SIGN_STYLE = Automatic;
				DEVELOPMENT_ASSET_PATHS = "\"Say It/Preview Content\"";
				DEVELOPMENT_TEAM = 4XUHP3VBJD;
				ENABLE_PREVIEWS = YES;
				INFOPLIST_FILE = "Say It/Info.plist";
				IPHONEOS_DEPLOYMENT_TARGET = 14.0;
				LD_RUNPATH_SEARCH_PATHS = (
					"$(inherited)",
					"@executable_path/Frameworks",
				);
				PRODUCT_BUNDLE_IDENTIFIER = "sk.artisma.Say-It";
				PRODUCT_NAME = "$(TARGET_NAME)";
				SWIFT_VERSION = 5.0;
				TARGETED_DEVICE_FAMILY = "1,2";
			};
			name = Debug;
		};
		83536F62255479BF0091D2DD /* Release */ = {
			isa = XCBuildConfiguration;
			buildSettings = {
				ASSETCATALOG_COMPILER_APPICON_NAME = AppIcon;
				ASSETCATALOG_COMPILER_GLOBAL_ACCENT_COLOR_NAME = AccentColor;
				CODE_SIGN_STYLE = Automatic;
				DEVELOPMENT_ASSET_PATHS = "\"Say It/Preview Content\"";
				DEVELOPMENT_TEAM = 4XUHP3VBJD;
				ENABLE_PREVIEWS = YES;
				INFOPLIST_FILE = "Say It/Info.plist";
				IPHONEOS_DEPLOYMENT_TARGET = 14.0;
				LD_RUNPATH_SEARCH_PATHS = (
					"$(inherited)",
					"@executable_path/Frameworks",
				);
				PRODUCT_BUNDLE_IDENTIFIER = "sk.artisma.Say-It";
				PRODUCT_NAME = "$(TARGET_NAME)";
				SWIFT_VERSION = 5.0;
				TARGETED_DEVICE_FAMILY = "1,2";
			};
			name = Release;
		};
/* End XCBuildConfiguration section */

/* Begin XCConfigurationList section */
		83536F4C255479BF0091D2DD /* Build configuration list for PBXProject "Say It" */ = {
			isa = XCConfigurationList;
			buildConfigurations = (
				83536F5E255479BF0091D2DD /* Debug */,
				83536F5F255479BF0091D2DD /* Release */,
			);
			defaultConfigurationIsVisible = 0;
			defaultConfigurationName = Release;
		};
		83536F60255479BF0091D2DD /* Build configuration list for PBXNativeTarget "Say It" */ = {
			isa = XCConfigurationList;
			buildConfigurations = (
				83536F61255479BF0091D2DD /* Debug */,
				83536F62255479BF0091D2DD /* Release */,
			);
			defaultConfigurationIsVisible = 0;
			defaultConfigurationName = Release;
		};
/* End XCConfigurationList section */
	};
	rootObject = 83536F49255479BF0091D2DD /* Project object */;
}
